
Microsoft Visual Studio Solution File, Format Version 10.00
# Visual Studio 2008
Project("{E24C65DC-7377-472B-9ABA-BC803B73C61A}") = "Electrify-Shop", ".", "{90690388-DAC2-4E23-A3DC-253971EFD120}"
	ProjectSection(WebsiteProperties) = preProject
		TargetFramework = "3.5"
		Debug.AspNetCompiler.VirtualPath = "/Electrify-Shop"
		Debug.AspNetCompiler.PhysicalPath = "..\..\website\Electrify-Shop\"
		Debug.AspNetCompiler.TargetPath = "PrecompiledWeb\Electrify-Shop\"
		Debug.AspNetCompiler.Updateable = "true"
		Debug.AspNetCompiler.ForceOverwrite = "true"
		Debug.AspNetCompiler.FixedNames = "false"
		Debug.AspNetCompiler.Debug = "True"
		Release.AspNetCompiler.VirtualPath = "/Electrify-Shop"
		Release.AspNetCompiler.PhysicalPath = "..\..\website\Electrify-Shop\"
		Release.AspNetCompiler.TargetPath = "PrecompiledWeb\Electrify-Shop\"
		Release.AspNetCompiler.Updateable = "true"
		Release.AspNetCompiler.ForceOverwrite = "true"
		Release.AspNetCompiler.FixedNames = "false"
		Release.AspNetCompiler.Debug = "False"
		VWDPort = "49193"
	EndProjectSection
EndProject
Global
	GlobalSection(SolutionConfigurationPlatforms) = preSolution
		Debug|.NET = Debug|.NET
	EndGlobalSection
	GlobalSection(ProjectConfigurationPlatforms) = postSolution
		{90690388-DAC2-4E23-A3DC-253971EFD120}.Debug|.NET.ActiveCfg = Debug|.NET
		{90690388-DAC2-4E23-A3DC-253971EFD120}.Debug|.NET.Build.0 = Debug|.NET
	EndGlobalSection
	GlobalSection(SolutionProperties) = preSolution
		HideSolutionNode = FALSE
	EndGlobalSection
EndGlobal
